
Microsoft Visual Studio Solution File, Format Version 12.00
# Visual Studio 15
VisualStudioVersion = 15.0.27906.1
MinimumVisualStudioVersion = 10.0.40219.1
Project("{FAE04EC0-301F-11D3-BF4B-00C04F79EFBC}") = "Bunifu_001", "Bunifu_001\Bunifu_001.csproj", "{C460AFAA-AC55-4DB8-8EB3-8F9F23C4628B}"
EndProject
Global
	GlobalSection(SolutionConfigurationPlatforms) = preSolution
		Debug|Any CPU = Debug|Any CPU
		Release|Any CPU = Release|Any CPU
	EndGlobalSection
	GlobalSection(ProjectConfigurationPlatforms) = postSolution
		{C460AFAA-AC55-4DB8-8EB3-8F9F23C4628B}.Debug|Any CPU.ActiveCfg = Debug|Any CPU
		{C460AFAA-AC55-4DB8-8EB3-8F9F23C4628B}.Debug|Any CPU.Build.0 = Debug|Any CPU
		{C460AFAA-AC55-4DB8-8EB3-8F9F23C4628B}.Release|Any CPU.ActiveCfg = Release|Any CPU
		{C460AFAA-AC55-4DB8-8EB3-8F9F23C4628B}.Release|Any CPU.Build.0 = Release|Any CPU
	EndGlobalSection
	GlobalSection(SolutionProperties) = preSolution
		HideSolutionNode = FALSE
	EndGlobalSection
	GlobalSection(ExtensibilityGlobals) = postSolution
		SolutionGuid = {8676D19F-E787-4593-A2FB-11F8B0E46E59}
	EndGlobalSection
EndGlobal
