
Microsoft Visual Studio Solution File, Format Version 12.00
# Visual Studio 15
VisualStudioVersion = 15.0.27703.2047
MinimumVisualStudioVersion = 10.0.40219.1
Project("{FAE04EC0-301F-11D3-BF4B-00C04F79EFBC}") = "Sudoku", "Sudoku\Sudoku.csproj", "{F4366039-85BC-4218-AF84-3E981B3524CB}"
EndProject
Global
	GlobalSection(SolutionConfigurationPlatforms) = preSolution
		Debug|Any CPU = Debug|Any CPU
		Release|Any CPU = Release|Any CPU
	EndGlobalSection
	GlobalSection(ProjectConfigurationPlatforms) = postSolution
		{F4366039-85BC-4218-AF84-3E981B3524CB}.Debug|Any CPU.ActiveCfg = Debug|Any CPU
		{F4366039-85BC-4218-AF84-3E981B3524CB}.Debug|Any CPU.Build.0 = Debug|Any CPU
		{F4366039-85BC-4218-AF84-3E981B3524CB}.Release|Any CPU.ActiveCfg = Release|Any CPU
		{F4366039-85BC-4218-AF84-3E981B3524CB}.Release|Any CPU.Build.0 = Release|Any CPU
	EndGlobalSection
	GlobalSection(SolutionProperties) = preSolution
		HideSolutionNode = FALSE
	EndGlobalSection
	GlobalSection(ExtensibilityGlobals) = postSolution
		SolutionGuid = {A07EBF2D-E276-4ECC-82C3-4645357DC27F}
	EndGlobalSection
EndGlobal
