
Microsoft Visual Studio Solution File, Format Version 12.00
# Visual Studio 15
VisualStudioVersion = 15.0.27906.1
MinimumVisualStudioVersion = 10.0.40219.1
Project("{FAE04EC0-301F-11D3-BF4B-00C04F79EFBC}") = "Carregamento", "Carregamento\Carregamento.csproj", "{E7A5269B-D942-48D3-8459-B6394EAC6D77}"
EndProject
Global
	GlobalSection(SolutionConfigurationPlatforms) = preSolution
		Debug|Any CPU = Debug|Any CPU
		Release|Any CPU = Release|Any CPU
	EndGlobalSection
	GlobalSection(ProjectConfigurationPlatforms) = postSolution
		{E7A5269B-D942-48D3-8459-B6394EAC6D77}.Debug|Any CPU.ActiveCfg = Debug|Any CPU
		{E7A5269B-D942-48D3-8459-B6394EAC6D77}.Debug|Any CPU.Build.0 = Debug|Any CPU
		{E7A5269B-D942-48D3-8459-B6394EAC6D77}.Release|Any CPU.ActiveCfg = Release|Any CPU
		{E7A5269B-D942-48D3-8459-B6394EAC6D77}.Release|Any CPU.Build.0 = Release|Any CPU
	EndGlobalSection
	GlobalSection(SolutionProperties) = preSolution
		HideSolutionNode = FALSE
	EndGlobalSection
	GlobalSection(ExtensibilityGlobals) = postSolution
		SolutionGuid = {4B6F7DCF-09C8-46FF-A681-3A2F01057CE5}
	EndGlobalSection
EndGlobal
