
Microsoft Visual Studio Solution File, Format Version 12.00
# Visual Studio 15
VisualStudioVersion = 15.0.27906.1
MinimumVisualStudioVersion = 10.0.40219.1
Project("{FAE04EC0-301F-11D3-BF4B-00C04F79EFBC}") = "BlockBreaker - Jogo", "BlockBreaker - Jogo\BlockBreaker - Jogo.csproj", "{0A9212EE-34A4-4983-AE18-F0EDCF52C442}"
EndProject
Global
	GlobalSection(SolutionConfigurationPlatforms) = preSolution
		Debug|Any CPU = Debug|Any CPU
		Release|Any CPU = Release|Any CPU
	EndGlobalSection
	GlobalSection(ProjectConfigurationPlatforms) = postSolution
		{0A9212EE-34A4-4983-AE18-F0EDCF52C442}.Debug|Any CPU.ActiveCfg = Debug|Any CPU
		{0A9212EE-34A4-4983-AE18-F0EDCF52C442}.Debug|Any CPU.Build.0 = Debug|Any CPU
		{0A9212EE-34A4-4983-AE18-F0EDCF52C442}.Release|Any CPU.ActiveCfg = Release|Any CPU
		{0A9212EE-34A4-4983-AE18-F0EDCF52C442}.Release|Any CPU.Build.0 = Release|Any CPU
	EndGlobalSection
	GlobalSection(SolutionProperties) = preSolution
		HideSolutionNode = FALSE
	EndGlobalSection
	GlobalSection(ExtensibilityGlobals) = postSolution
		SolutionGuid = {4F9D730E-5B7E-46EA-9131-139C59ED469E}
	EndGlobalSection
EndGlobal
