
Microsoft Visual Studio Solution File, Format Version 12.00
# Visual Studio 15
VisualStudioVersion = 15.0.27906.1
MinimumVisualStudioVersion = 10.0.40219.1
Project("{FAE04EC0-301F-11D3-BF4B-00C04F79EFBC}") = "Manipulando Matrizes", "Manipulando Matrizes\Manipulando Matrizes.csproj", "{29560ABD-0A5B-4AC6-96AB-63C9B95AFE47}"
EndProject
Global
	GlobalSection(SolutionConfigurationPlatforms) = preSolution
		Debug|Any CPU = Debug|Any CPU
		Release|Any CPU = Release|Any CPU
	EndGlobalSection
	GlobalSection(ProjectConfigurationPlatforms) = postSolution
		{29560ABD-0A5B-4AC6-96AB-63C9B95AFE47}.Debug|Any CPU.ActiveCfg = Debug|Any CPU
		{29560ABD-0A5B-4AC6-96AB-63C9B95AFE47}.Debug|Any CPU.Build.0 = Debug|Any CPU
		{29560ABD-0A5B-4AC6-96AB-63C9B95AFE47}.Release|Any CPU.ActiveCfg = Release|Any CPU
		{29560ABD-0A5B-4AC6-96AB-63C9B95AFE47}.Release|Any CPU.Build.0 = Release|Any CPU
	EndGlobalSection
	GlobalSection(SolutionProperties) = preSolution
		HideSolutionNode = FALSE
	EndGlobalSection
	GlobalSection(ExtensibilityGlobals) = postSolution
		SolutionGuid = {666DC27D-C42E-47EA-A5E4-DBC90F9BB426}
	EndGlobalSection
EndGlobal
